// !$*UTF8*$!
{
	archiveVersion = 1;
	classes = {
	};
	objectVersion = 77;
	objects = {

/* Begin PBXBuildFile section */
		DF6006C42CB6AAD50071C29D /* GameModel.swift in Sources */ = {isa = PBXBuildFile; fileRef = DF6006C32CB6AAD50071C29D /* GameModel.swift */; };
		DF6006C62CB6AB2C0071C29D /* GameViewModel.swift in Sources */ = {isa = PBXBuildFile; fileRef = DF6006C52CB6AB2C0071C29D /* GameViewModel.swift */; };
		DF6006C82CB6AC590071C29D /* OpenView.swift in Sources */ = {isa = PBXBuildFile; fileRef = DF6006C72CB6AC590071C29D /* OpenView.swift */; };
		DF6006CA2CB6AC640071C29D /* GameView.swift in Sources */ = {isa = PBXBuildFile; fileRef = DF6006C92CB6AC640071C29D /* GameView.swift */; };
		DFA765032CB7E7A000862759 /* LevelView.swift in Sources */ = {isa = PBXBuildFile; fileRef = DFA765022CB7E7A000862759 /* LevelView.swift */; };
/* End PBXBuildFile section */

/* Begin PBXContainerItemProxy section */
		DF60069F2CB6A93B0071C29D /* PBXContainerItemProxy */ = {
			isa = PBXContainerItemProxy;
			containerPortal = DF6006862CB6A9390071C29D /* Project object */;
			proxyType = 1;
			remoteGlobalIDString = DF60068D2CB6A9390071C29D;
			remoteInfo = CatchTheCat;
		};
		DF6006A92CB6A93B0071C29D /* PBXContainerItemProxy */ = {
			isa = PBXContainerItemProxy;
			containerPortal = DF6006862CB6A9390071C29D /* Project object */;
			proxyType = 1;
			remoteGlobalIDString = DF60068D2CB6A9390071C29D;
			remoteInfo = CatchTheCat;
		};
/* End PBXContainerItemProxy section */

/* Begin PBXFileReference section */
		DF60068E2CB6A9390071C29D /* CatchTheCat.app */ = {isa = PBXFileReference; explicitFileType = wrapper.application; includeInIndex = 0; path = CatchTheCat.app; sourceTree = BUILT_PRODUCTS_DIR; };
		DF60069E2CB6A93B0071C29D /* CatchTheCatTests.xctest */ = {isa = PBXFileReference; explicitFileType = wrapper.cfbundle; includeInIndex = 0; path = CatchTheCatTests.xctest; sourceTree = BUILT_PRODUCTS_DIR; };
		DF6006A82CB6A93B0071C29D /* CatchTheCatUITests.xctest */ = {isa = PBXFileReference; explicitFileType = wrapper.cfbundle; includeInIndex = 0; path = CatchTheCatUITests.xctest; sourceTree = BUILT_PRODUCTS_DIR; };
		DF6006C32CB6AAD50071C29D /* GameModel.swift */ = {isa = PBXFileReference; lastKnownFileType = sourcecode.swift; path = GameModel.swift; sourceTree = "<group>"; };
		DF6006C52CB6AB2C0071C29D /* GameViewModel.swift */ = {isa = PBXFileReference; lastKnownFileType = sourcecode.swift; path = GameViewModel.swift; sourceTree = "<group>"; };
		DF6006C72CB6AC590071C29D /* OpenView.swift */ = {isa = PBXFileReference; lastKnownFileType = sourcecode.swift; path = OpenView.swift; sourceTree = "<group>"; };
		DF6006C92CB6AC640071C29D /* GameView.swift */ = {isa = PBXFileReference; lastKnownFileType = sourcecode.swift; path = GameView.swift; sourceTree = "<group>"; };
		DFA765022CB7E7A000862759 /* LevelView.swift */ = {isa = PBXFileReference; lastKnownFileType = sourcecode.swift; path = LevelView.swift; sourceTree = "<group>"; };
/* End PBXFileReference section */

/* Begin PBXFileSystemSynchronizedRootGroup section */
		DF6006902CB6A9390071C29D /* CatchTheCat */ = {
			isa = PBXFileSystemSynchronizedRootGroup;
			path = CatchTheCat;
			sourceTree = "<group>";
		};
		DF6006A12CB6A93B0071C29D /* CatchTheCatTests */ = {
			isa = PBXFileSystemSynchronizedRootGroup;
			path = CatchTheCatTests;
			sourceTree = "<group>";
		};
		DF6006AB2CB6A93B0071C29D /* CatchTheCatUITests */ = {
			isa = PBXFileSystemSynchronizedRootGroup;
			path = CatchTheCatUITests;
			sourceTree = "<group>";
		};
/* End PBXFileSystemSynchronizedRootGroup section */

/* Begin PBXFrameworksBuildPhase section */
		DF60068B2CB6A9390071C29D /* Frameworks */ = {
			isa = PBXFrameworksBuildPhase;
			buildActionMask = 2147483647;
			files = (
			);
			runOnlyForDeploymentPostprocessing = 0;
		};
		DF60069B2CB6A93B0071C29D /* Frameworks */ = {
			isa = PBXFrameworksBuildPhase;
			buildActionMask = 2147483647;
			files = (
			);
			runOnlyForDeploymentPostprocessing = 0;
		};
		DF6006A52CB6A93B0071C29D /* Frameworks */ = {
			isa = PBXFrameworksBuildPhase;
			buildActionMask = 2147483647;
			files = (
			);
			runOnlyForDeploymentPostprocessing = 0;
		};
/* End PBXFrameworksBuildPhase section */

/* Begin PBXGroup section */
		DF6006852CB6A9390071C29D = {
			isa = PBXGroup;
			children = (
				DF6006C12CB6AA820071C29D /* Model */,
				DF6006BD2CB6AA390071C29D /* ViewModel */,
				DF6006BC2CB6AA1F0071C29D /* View */,
				DF6006902CB6A9390071C29D /* CatchTheCat */,
				DF6006A12CB6A93B0071C29D /* CatchTheCatTests */,
				DF6006AB2CB6A93B0071C29D /* CatchTheCatUITests */,
				DF60068F2CB6A9390071C29D /* Products */,
			);
			sourceTree = "<group>";
		};
		DF60068F2CB6A9390071C29D /* Products */ = {
			isa = PBXGroup;
			children = (
				DF60068E2CB6A9390071C29D /* CatchTheCat.app */,
				DF60069E2CB6A93B0071C29D /* CatchTheCatTests.xctest */,
				DF6006A82CB6A93B0071C29D /* CatchTheCatUITests.xctest */,
			);
			name = Products;
			sourceTree = "<group>";
		};
		DF6006BC2CB6AA1F0071C29D /* View */ = {
			isa = PBXGroup;
			children = (
				DF6006C72CB6AC590071C29D /* OpenView.swift */,
				DF6006C92CB6AC640071C29D /* GameView.swift */,
				DFA765022CB7E7A000862759 /* LevelView.swift */,
			);
			path = View;
			sourceTree = "<group>";
		};
		DF6006BD2CB6AA390071C29D /* ViewModel */ = {
			isa = PBXGroup;
			children = (
				DF6006C52CB6AB2C0071C29D /* GameViewModel.swift */,
			);
			path = ViewModel;
			sourceTree = "<group>";
		};
		DF6006C12CB6AA820071C29D /* Model */ = {
			isa = PBXGroup;
			children = (
				DF6006C32CB6AAD50071C29D /* GameModel.swift */,
			);
			path = Model;
			sourceTree = "<group>";
		};
/* End PBXGroup section */

/* Begin PBXNativeTarget section */
		DF60068D2CB6A9390071C29D /* CatchTheCat */ = {
			isa = PBXNativeTarget;
			buildConfigurationList = DF6006B22CB6A93B0071C29D /* Build configuration list for PBXNativeTarget "CatchTheCat" */;
			buildPhases = (
				DF60068A2CB6A9390071C29D /* Sources */,
				DF60068B2CB6A9390071C29D /* Frameworks */,
				DF60068C2CB6A9390071C29D /* Resources */,
			);
			buildRules = (
			);
			dependencies = (
			);
			fileSystemSynchronizedGroups = (
				DF6006902CB6A9390071C29D /* CatchTheCat */,
			);
			name = CatchTheCat;
			packageProductDependencies = (
			);
			productName = CatchTheCat;
			productReference = DF60068E2CB6A9390071C29D /* CatchTheCat.app */;
			productType = "com.apple.product-type.application";
		};
		DF60069D2CB6A93B0071C29D /* CatchTheCatTests */ = {
			isa = PBXNativeTarget;
			buildConfigurationList = DF6006B52CB6A93B0071C29D /* Build configuration list for PBXNativeTarget "CatchTheCatTests" */;
			buildPhases = (
				DF60069A2CB6A93B0071C29D /* Sources */,
				DF60069B2CB6A93B0071C29D /* Frameworks */,
				DF60069C2CB6A93B0071C29D /* Resources */,
			);
			buildRules = (
			);
			dependencies = (
				DF6006A02CB6A93B0071C29D /* PBXTargetDependency */,
			);
			fileSystemSynchronizedGroups = (
				DF6006A12CB6A93B0071C29D /* CatchTheCatTests */,
			);
			name = CatchTheCatTests;
			packageProductDependencies = (
			);
			productName = CatchTheCatTests;
			productReference = DF60069E2CB6A93B0071C29D /* CatchTheCatTests.xctest */;
			productType = "com.apple.product-type.bundle.unit-test";
		};
		DF6006A72CB6A93B0071C29D /* CatchTheCatUITests */ = {
			isa = PBXNativeTarget;
			buildConfigurationList = DF6006B82CB6A93B0071C29D /* Build configuration list for PBXNativeTarget "CatchTheCatUITests" */;
			buildPhases = (
				DF6006A42CB6A93B0071C29D /* Sources */,
				DF6006A52CB6A93B0071C29D /* Frameworks */,
				DF6006A62CB6A93B0071C29D /* Resources */,
			);
			buildRules = (
			);
			dependencies = (
				DF6006AA2CB6A93B0071C29D /* PBXTargetDependency */,
			);
			fileSystemSynchronizedGroups = (
				DF6006AB2CB6A93B0071C29D /* CatchTheCatUITests */,
			);
			name = CatchTheCatUITests;
			packageProductDependencies = (
			);
			productName = CatchTheCatUITests;
			productReference = DF6006A82CB6A93B0071C29D /* CatchTheCatUITests.xctest */;
			productType = "com.apple.product-type.bundle.ui-testing";
		};
/* End PBXNativeTarget section */

/* Begin PBXProject section */
		DF6006862CB6A9390071C29D /* Project object */ = {
			isa = PBXProject;
			attributes = {
				BuildIndependentTargetsInParallel = 1;
				LastSwiftUpdateCheck = 1600;
				LastUpgradeCheck = 1600;
				TargetAttributes = {
					DF60068D2CB6A9390071C29D = {
						CreatedOnToolsVersion = 16.0;
					};
					DF60069D2CB6A93B0071C29D = {
						CreatedOnToolsVersion = 16.0;
						TestTargetID = DF60068D2CB6A9390071C29D;
					};
					DF6006A72CB6A93B0071C29D = {
						CreatedOnToolsVersion = 16.0;
						TestTargetID = DF60068D2CB6A9390071C29D;
					};
				};
			};
			buildConfigurationList = DF6006892CB6A9390071C29D /* Build configuration list for PBXProject "CatchTheCat" */;
			developmentRegion = en;
			hasScannedForEncodings = 0;
			knownRegions = (
				en,
				Base,
			);
			mainGroup = DF6006852CB6A9390071C29D;
			minimizedProjectReferenceProxies = 1;
			preferredProjectObjectVersion = 77;
			productRefGroup = DF60068F2CB6A9390071C29D /* Products */;
			projectDirPath = "";
			projectRoot = "";
			targets = (
				DF60068D2CB6A9390071C29D /* CatchTheCat */,
				DF60069D2CB6A93B0071C29D /* CatchTheCatTests */,
				DF6006A72CB6A93B0071C29D /* CatchTheCatUITests */,
			);
		};
/* End PBXProject section */

/* Begin PBXResourcesBuildPhase section */
		DF60068C2CB6A9390071C29D /* Resources */ = {
			isa = PBXResourcesBuildPhase;
			buildActionMask = 2147483647;
			files = (
			);
			runOnlyForDeploymentPostprocessing = 0;
		};
		DF60069C2CB6A93B0071C29D /* Resources */ = {
			isa = PBXResourcesBuildPhase;
			buildActionMask = 2147483647;
			files = (
			);
			runOnlyForDeploymentPostprocessing = 0;
		};
		DF6006A62CB6A93B0071C29D /* Resources */ = {
			isa = PBXResourcesBuildPhase;
			buildActionMask = 2147483647;
			files = (
			);
			runOnlyForDeploymentPostprocessing = 0;
		};
/* End PBXResourcesBuildPhase section */

/* Begin PBXSourcesBuildPhase section */
		DF60068A2CB6A9390071C29D /* Sources */ = {
			isa = PBXSourcesBuildPhase;
			buildActionMask = 2147483647;
			files = (
				DF6006C62CB6AB2C0071C29D /* GameViewModel.swift in Sources */,
				DFA765032CB7E7A000862759 /* LevelView.swift in Sources */,
				DF6006C82CB6AC590071C29D /* OpenView.swift in Sources */,
				DF6006CA2CB6AC640071C29D /* GameView.swift in Sources */,
				DF6006C42CB6AAD50071C29D /* GameModel.swift in Sources */,
			);
			runOnlyForDeploymentPostprocessing = 0;
		};
		DF60069A2CB6A93B0071C29D /* Sources */ = {
			isa = PBXSourcesBuildPhase;
			buildActionMask = 2147483647;
			files = (
			);
			runOnlyForDeploymentPostprocessing = 0;
		};
		DF6006A42CB6A93B0071C29D /* Sources */ = {
			isa = PBXSourcesBuildPhase;
			buildActionMask = 2147483647;
			files = (
			);
			runOnlyForDeploymentPostprocessing = 0;
		};
/* End PBXSourcesBuildPhase section */

/* Begin PBXTargetDependency section */
		DF6006A02CB6A93B0071C29D /* PBXTargetDependency */ = {
			isa = PBXTargetDependency;
			target = DF60068D2CB6A9390071C29D /* CatchTheCat */;
			targetProxy = DF60069F2CB6A93B0071C29D /* PBXContainerItemProxy */;
		};
		DF6006AA2CB6A93B0071C29D /* PBXTargetDependency */ = {
			isa = PBXTargetDependency;
			target = DF60068D2CB6A9390071C29D /* CatchTheCat */;
			targetProxy = DF6006A92CB6A93B0071C29D /* PBXContainerItemProxy */;
		};
/* End PBXTargetDependency section */

/* Begin XCBuildConfiguration section */
		DF6006B02CB6A93B0071C29D /* Debug */ = {
			isa = XCBuildConfiguration;
			buildSettings = {
				ALWAYS_SEARCH_USER_PATHS = NO;
				ASSETCATALOG_COMPILER_GENERATE_SWIFT_ASSET_SYMBOL_EXTENSIONS = YES;
				CLANG_ANALYZER_NONNULL = YES;
				CLANG_ANALYZER_NUMBER_OBJECT_CONVERSION = YES_AGGRESSIVE;
				CLANG_CXX_LANGUAGE_STANDARD = "gnu++20";
				CLANG_ENABLE_MODULES = YES;
				CLANG_ENABLE_OBJC_ARC = YES;
				CLANG_ENABLE_OBJC_WEAK = YES;
				CLANG_WARN_BLOCK_CAPTURE_AUTORELEASING = YES;
				CLANG_WARN_BOOL_CONVERSION = YES;
				CLANG_WARN_COMMA = YES;
				CLANG_WARN_CONSTANT_CONVERSION = YES;
				CLANG_WARN_DEPRECATED_OBJC_IMPLEMENTATIONS = YES;
				CLANG_WARN_DIRECT_OBJC_ISA_USAGE = YES_ERROR;
				CLANG_WARN_DOCUMENTATION_COMMENTS = YES;
				CLANG_WARN_EMPTY_BODY = YES;
				CLANG_WARN_ENUM_CONVERSION = YES;
				CLANG_WARN_INFINITE_RECURSION = YES;
				CLANG_WARN_INT_CONVERSION = YES;
				CLANG_WARN_NON_LITERAL_NULL_CONVERSION = YES;
				CLANG_WARN_OBJC_IMPLICIT_RETAIN_SELF = YES;
				CLANG_WARN_OBJC_LITERAL_CONVERSION = YES;
				CLANG_WARN_OBJC_ROOT_CLASS = YES_ERROR;
				CLANG_WARN_QUOTED_INCLUDE_IN_FRAMEWORK_HEADER = YES;
				CLANG_WARN_RANGE_LOOP_ANALYSIS = YES;
				CLANG_WARN_STRICT_PROTOTYPES = YES;
				CLANG_WARN_SUSPICIOUS_MOVE = YES;
				CLANG_WARN_UNGUARDED_AVAILABILITY = YES_AGGRESSIVE;
				CLANG_WARN_UNREACHABLE_CODE = YES;
				CLANG_WARN__DUPLICATE_METHOD_MATCH = YES;
				COPY_PHASE_STRIP = NO;
				DEBUG_INFORMATION_FORMAT = dwarf;
				ENABLE_STRICT_OBJC_MSGSEND = YES;
				ENABLE_TESTABILITY = YES;
				ENABLE_USER_SCRIPT_SANDBOXING = YES;
				GCC_C_LANGUAGE_STANDARD = gnu17;
				GCC_DYNAMIC_NO_PIC = NO;
				GCC_NO_COMMON_BLOCKS = YES;
				GCC_OPTIMIZATION_LEVEL = 0;
				GCC_PREPROCESSOR_DEFINITIONS = (
					"DEBUG=1",
					"$(inherited)",
				);
				GCC_WARN_64_TO_32_BIT_CONVERSION = YES;
				GCC_WARN_ABOUT_RETURN_TYPE = YES_ERROR;
				GCC_WARN_UNDECLARED_SELECTOR = YES;
				GCC_WARN_UNINITIALIZED_AUTOS = YES_AGGRESSIVE;
				GCC_WARN_UNUSED_FUNCTION = YES;
				GCC_WARN_UNUSED_VARIABLE = YES;
				IPHONEOS_DEPLOYMENT_TARGET = 18.0;
				LOCALIZATION_PREFERS_STRING_CATALOGS = YES;
				MTL_ENABLE_DEBUG_INFO = INCLUDE_SOURCE;
				MTL_FAST_MATH = YES;
				ONLY_ACTIVE_ARCH = YES;
				SDKROOT = iphoneos;
				SWIFT_ACTIVE_COMPILATION_CONDITIONS = "DEBUG $(inherited)";
				SWIFT_OPTIMIZATION_LEVEL = "-Onone";
			};
			name = Debug;
		};
		DF6006B12CB6A93B0071C29D /* Release */ = {
			isa = XCBuildConfiguration;
			buildSettings = {
				ALWAYS_SEARCH_USER_PATHS = NO;
				ASSETCATALOG_COMPILER_GENERATE_SWIFT_ASSET_SYMBOL_EXTENSIONS = YES;
				CLANG_ANALYZER_NONNULL = YES;
				CLANG_ANALYZER_NUMBER_OBJECT_CONVERSION = YES_AGGRESSIVE;
				CLANG_CXX_LANGUAGE_STANDARD = "gnu++20";
				CLANG_ENABLE_MODULES = YES;
				CLANG_ENABLE_OBJC_ARC = YES;
				CLANG_ENABLE_OBJC_WEAK = YES;
				CLANG_WARN_BLOCK_CAPTURE_AUTORELEASING = YES;
				CLANG_WARN_BOOL_CONVERSION = YES;
				CLANG_WARN_COMMA = YES;
				CLANG_WARN_CONSTANT_CONVERSION = YES;
				CLANG_WARN_DEPRECATED_OBJC_IMPLEMENTATIONS = YES;
				CLANG_WARN_DIRECT_OBJC_ISA_USAGE = YES_ERROR;
				CLANG_WARN_DOCUMENTATION_COMMENTS = YES;
				CLANG_WARN_EMPTY_BODY = YES;
				CLANG_WARN_ENUM_CONVERSION = YES;
				CLANG_WARN_INFINITE_RECURSION = YES;
				CLANG_WARN_INT_CONVERSION = YES;
				CLANG_WARN_NON_LITERAL_NULL_CONVERSION = YES;
				CLANG_WARN_OBJC_IMPLICIT_RETAIN_SELF = YES;
				CLANG_WARN_OBJC_LITERAL_CONVERSION = YES;
				CLANG_WARN_OBJC_ROOT_CLASS = YES_ERROR;
				CLANG_WARN_QUOTED_INCLUDE_IN_FRAMEWORK_HEADER = YES;
				CLANG_WARN_RANGE_LOOP_ANALYSIS = YES;
				CLANG_WARN_STRICT_PROTOTYPES = YES;
				CLANG_WARN_SUSPICIOUS_MOVE = YES;
				CLANG_WARN_UNGUARDED_AVAILABILITY = YES_AGGRESSIVE;
				CLANG_WARN_UNREACHABLE_CODE = YES;
				CLANG_WARN__DUPLICATE_METHOD_MATCH = YES;
				COPY_PHASE_STRIP = NO;
				DEBUG_INFORMATION_FORMAT = "dwarf-with-dsym";
				ENABLE_NS_ASSERTIONS = NO;
				ENABLE_STRICT_OBJC_MSGSEND = YES;
				ENABLE_USER_SCRIPT_SANDBOXING = YES;
				GCC_C_LANGUAGE_STANDARD = gnu17;
				GCC_NO_COMMON_BLOCKS = YES;
				GCC_WARN_64_TO_32_BIT_CONVERSION = YES;
				GCC_WARN_ABOUT_RETURN_TYPE = YES_ERROR;
				GCC_WARN_UNDECLARED_SELECTOR = YES;
				GCC_WARN_UNINITIALIZED_AUTOS = YES_AGGRESSIVE;
				GCC_WARN_UNUSED_FUNCTION = YES;
				GCC_WARN_UNUSED_VARIABLE = YES;
				IPHONEOS_DEPLOYMENT_TARGET = 18.0;
				LOCALIZATION_PREFERS_STRING_CATALOGS = YES;
				MTL_ENABLE_DEBUG_INFO = NO;
				MTL_FAST_MATH = YES;
				SDKROOT = iphoneos;
				SWIFT_COMPILATION_MODE = wholemodule;
				VALIDATE_PRODUCT = YES;
			};
			name = Release;
		};
		DF6006B32CB6A93B0071C29D /* Debug */ = {
			isa = XCBuildConfiguration;
			buildSettings = {
				ASSETCATALOG_COMPILER_APPICON_NAME = AppIcon;
				ASSETCATALOG_COMPILER_GLOBAL_ACCENT_COLOR_NAME = AccentColor;
				CODE_SIGN_STYLE = Automatic;
				CURRENT_PROJECT_VERSION = 1;
				DEVELOPMENT_ASSET_PATHS = "\"CatchTheCat/Preview Content\"";
				DEVELOPMENT_TEAM = Y8TB22J4MM;
				ENABLE_PREVIEWS = YES;
				GENERATE_INFOPLIST_FILE = YES;
				INFOPLIST_KEY_UIApplicationSceneManifest_Generation = YES;
				INFOPLIST_KEY_UIApplicationSupportsIndirectInputEvents = YES;
				INFOPLIST_KEY_UILaunchScreen_Generation = YES;
				INFOPLIST_KEY_UISupportedInterfaceOrientations_iPad = "UIInterfaceOrientationPortrait UIInterfaceOrientationPortraitUpsideDown UIInterfaceOrientationLandscapeLeft UIInterfaceOrientationLandscapeRight";
				INFOPLIST_KEY_UISupportedInterfaceOrientations_iPhone = "UIInterfaceOrientationPortrait UIInterfaceOrientationLandscapeLeft UIInterfaceOrientationLandscapeRight";
				LD_RUNPATH_SEARCH_PATHS = (
					"$(inherited)",
					"@executable_path/Frameworks",
				);
				MARKETING_VERSION = 1.0;
				PRODUCT_BUNDLE_IDENTIFIER = com.hakanaykut.CatchTheCat;
				PRODUCT_NAME = "$(TARGET_NAME)";
				SWIFT_EMIT_LOC_STRINGS = YES;
				SWIFT_VERSION = 5.0;
				TARGETED_DEVICE_FAMILY = "1,2";
			};
			name = Debug;
		};
		DF6006B42CB6A93B0071C29D /* Release */ = {
			isa = XCBuildConfiguration;
			buildSettings = {
				ASSETCATALOG_COMPILER_APPICON_NAME = AppIcon;
				ASSETCATALOG_COMPILER_GLOBAL_ACCENT_COLOR_NAME = AccentColor;
				CODE_SIGN_STYLE = Automatic;
				CURRENT_PROJECT_VERSION = 1;
				DEVELOPMENT_ASSET_PATHS = "\"CatchTheCat/Preview Content\"";
				DEVELOPMENT_TEAM = Y8TB22J4MM;
				ENABLE_PREVIEWS = YES;
				GENERATE_INFOPLIST_FILE = YES;
				INFOPLIST_KEY_UIApplicationSceneManifest_Generation = YES;
				INFOPLIST_KEY_UIApplicationSupportsIndirectInputEvents = YES;
				INFOPLIST_KEY_UILaunchScreen_Generation = YES;
				INFOPLIST_KEY_UISupportedInterfaceOrientations_iPad = "UIInterfaceOrientationPortrait UIInterfaceOrientationPortraitUpsideDown UIInterfaceOrientationLandscapeLeft UIInterfaceOrientationLandscapeRight";
				INFOPLIST_KEY_UISupportedInterfaceOrientations_iPhone = "UIInterfaceOrientationPortrait UIInterfaceOrientationLandscapeLeft UIInterfaceOrientationLandscapeRight";
				LD_RUNPATH_SEARCH_PATHS = (
					"$(inherited)",
					"@executable_path/Frameworks",
				);
				MARKETING_VERSION = 1.0;
				PRODUCT_BUNDLE_IDENTIFIER = com.hakanaykut.CatchTheCat;
				PRODUCT_NAME = "$(TARGET_NAME)";
				SWIFT_EMIT_LOC_STRINGS = YES;
				SWIFT_VERSION = 5.0;
				TARGETED_DEVICE_FAMILY = "1,2";
			};
			name = Release;
		};
		DF6006B62CB6A93B0071C29D /* Debug */ = {
			isa = XCBuildConfiguration;
			buildSettings = {
				BUNDLE_LOADER = "$(TEST_HOST)";
				CODE_SIGN_STYLE = Automatic;
				CURRENT_PROJECT_VERSION = 1;
				DEVELOPMENT_TEAM = Y8TB22J4MM;
				GENERATE_INFOPLIST_FILE = YES;
				IPHONEOS_DEPLOYMENT_TARGET = 18.0;
				MARKETING_VERSION = 1.0;
				PRODUCT_BUNDLE_IDENTIFIER = com.hakanaykut.CatchTheCatTests;
				PRODUCT_NAME = "$(TARGET_NAME)";
				SWIFT_EMIT_LOC_STRINGS = NO;
				SWIFT_VERSION = 5.0;
				TARGETED_DEVICE_FAMILY = "1,2";
				TEST_HOST = "$(BUILT_PRODUCTS_DIR)/CatchTheCat.app/$(BUNDLE_EXECUTABLE_FOLDER_PATH)/CatchTheCat";
			};
			name = Debug;
		};
		DF6006B72CB6A93B0071C29D /* Release */ = {
			isa = XCBuildConfiguration;
			buildSettings = {
				BUNDLE_LOADER = "$(TEST_HOST)";
				CODE_SIGN_STYLE = Automatic;
				CURRENT_PROJECT_VERSION = 1;
				DEVELOPMENT_TEAM = Y8TB22J4MM;
				GENERATE_INFOPLIST_FILE = YES;
				IPHONEOS_DEPLOYMENT_TARGET = 18.0;
				MARKETING_VERSION = 1.0;
				PRODUCT_BUNDLE_IDENTIFIER = com.hakanaykut.CatchTheCatTests;
				PRODUCT_NAME = "$(TARGET_NAME)";
				SWIFT_EMIT_LOC_STRINGS = NO;
				SWIFT_VERSION = 5.0;
				TARGETED_DEVICE_FAMILY = "1,2";
				TEST_HOST = "$(BUILT_PRODUCTS_DIR)/CatchTheCat.app/$(BUNDLE_EXECUTABLE_FOLDER_PATH)/CatchTheCat";
			};
			name = Release;
		};
		DF6006B92CB6A93B0071C29D /* Debug */ = {
			isa = XCBuildConfiguration;
			buildSettings = {
				CODE_SIGN_STYLE = Automatic;
				CURRENT_PROJECT_VERSION = 1;
				DEVELOPMENT_TEAM = Y8TB22J4MM;
				GENERATE_INFOPLIST_FILE = YES;
				MARKETING_VERSION = 1.0;
				PRODUCT_BUNDLE_IDENTIFIER = com.hakanaykut.CatchTheCatUITests;
				PRODUCT_NAME = "$(TARGET_NAME)";
				SWIFT_EMIT_LOC_STRINGS = NO;
				SWIFT_VERSION = 5.0;
				TARGETED_DEVICE_FAMILY = "1,2";
				TEST_TARGET_NAME = CatchTheCat;
			};
			name = Debug;
		};
		DF6006BA2CB6A93B0071C29D /* Release */ = {
			isa = XCBuildConfiguration;
			buildSettings = {
				CODE_SIGN_STYLE = Automatic;
				CURRENT_PROJECT_VERSION = 1;
				DEVELOPMENT_TEAM = Y8TB22J4MM;
				GENERATE_INFOPLIST_FILE = YES;
				MARKETING_VERSION = 1.0;
				PRODUCT_BUNDLE_IDENTIFIER = com.hakanaykut.CatchTheCatUITests;
				PRODUCT_NAME = "$(TARGET_NAME)";
				SWIFT_EMIT_LOC_STRINGS = NO;
				SWIFT_VERSION = 5.0;
				TARGETED_DEVICE_FAMILY = "1,2";
				TEST_TARGET_NAME = CatchTheCat;
			};
			name = Release;
		};
/* End XCBuildConfiguration section */

/* Begin XCConfigurationList section */
		DF6006892CB6A9390071C29D /* Build configuration list for PBXProject "CatchTheCat" */ = {
			isa = XCConfigurationList;
			buildConfigurations = (
				DF6006B02CB6A93B0071C29D /* Debug */,
				DF6006B12CB6A93B0071C29D /* Release */,
			);
			defaultConfigurationIsVisible = 0;
			defaultConfigurationName = Release;
		};
		DF6006B22CB6A93B0071C29D /* Build configuration list for PBXNativeTarget "CatchTheCat" */ = {
			isa = XCConfigurationList;
			buildConfigurations = (
				DF6006B32CB6A93B0071C29D /* Debug */,
				DF6006B42CB6A93B0071C29D /* Release */,
			);
			defaultConfigurationIsVisible = 0;
			defaultConfigurationName = Release;
		};
		DF6006B52CB6A93B0071C29D /* Build configuration list for PBXNativeTarget "CatchTheCatTests" */ = {
			isa = XCConfigurationList;
			buildConfigurations = (
				DF6006B62CB6A93B0071C29D /* Debug */,
				DF6006B72CB6A93B0071C29D /* Release */,
			);
			defaultConfigurationIsVisible = 0;
			defaultConfigurationName = Release;
		};
		DF6006B82CB6A93B0071C29D /* Build configuration list for PBXNativeTarget "CatchTheCatUITests" */ = {
			isa = XCConfigurationList;
			buildConfigurations = (
				DF6006B92CB6A93B0071C29D /* Debug */,
				DF6006BA2CB6A93B0071C29D /* Release */,
			);
			defaultConfigurationIsVisible = 0;
			defaultConfigurationName = Release;
		};
/* End XCConfigurationList section */
	};
	rootObject = DF6006862CB6A9390071C29D /* Project object */;
}
